
Microsoft Visual Studio Solution File, Format Version 12.00
# Visual Studio Version 17
VisualStudioVersion = 17.5.33414.496
MinimumVisualStudioVersion = 10.0.40219.1
Project("{FAE04EC0-301F-11D3-BF4B-00C04F79EFBC}") = "MailSender.Api", "MailSender.Api\MailSender.Api.csproj", "{8CC7FB24-A3FE-42EA-8F8A-39089BF32849}"
EndProject
Global
	GlobalSection(SolutionConfigurationPlatforms) = preSolution
		Debug|Any CPU = Debug|Any CPU
		Release|Any CPU = Release|Any CPU
	EndGlobalSection
	GlobalSection(ProjectConfigurationPlatforms) = postSolution
		{8CC7FB24-A3FE-42EA-8F8A-39089BF32849}.Debug|Any CPU.ActiveCfg = Debug|Any CPU
		{8CC7FB24-A3FE-42EA-8F8A-39089BF32849}.Debug|Any CPU.Build.0 = Debug|Any CPU
		{8CC7FB24-A3FE-42EA-8F8A-39089BF32849}.Release|Any CPU.ActiveCfg = Release|Any CPU
		{8CC7FB24-A3FE-42EA-8F8A-39089BF32849}.Release|Any CPU.Build.0 = Release|Any CPU
	EndGlobalSection
	GlobalSection(SolutionProperties) = preSolution
		HideSolutionNode = FALSE
	EndGlobalSection
	GlobalSection(ExtensibilityGlobals) = postSolution
		SolutionGuid = {6EC00E39-B906-439A-992C-4FE68DB94FE1}
	EndGlobalSection
EndGlobal
